
Microsoft Visual Studio Solution File, Format Version 12.00
# Visual Studio Version 17
VisualStudioVersion = 17.4.33213.308
MinimumVisualStudioVersion = 10.0.40219.1
Project("{FAE04EC0-301F-11D3-BF4B-00C04F79EFBC}") = "HGPolloLovers", "HGPolloLovers\HGPolloLovers.csproj", "{3690D538-5D30-424F-96D4-0751B3D22A9A}"
EndProject
Project("{2150E333-8FDC-42A3-9474-1A3956D46DE8}") = "1.Presentation", "1.Presentation", "{D86E3F32-2C99-46A4-9818-2805BDD7B66D}"
EndProject
Project("{2150E333-8FDC-42A3-9474-1A3956D46DE8}") = "2.Application", "2.Application", "{DC277E16-4430-4420-9D50-7ABC1870BF62}"
EndProject
Project("{FAE04EC0-301F-11D3-BF4B-00C04F79EFBC}") = "HGPolloLovers.Application.Impl", "HGPolloLovers.Application\HGPolloLovers.Application.Impl.csproj", "{34C966DB-FEC5-4187-A168-ADB515DA3587}"
EndProject
Project("{FAE04EC0-301F-11D3-BF4B-00C04F79EFBC}") = "HGPolloLovers.Application.Contrats", "HGPolloLovers.Application.Contrats\HGPolloLovers.Application.Contrats.csproj", "{96AB13C7-A6C1-4AD7-97FE-58909F8843E0}"
EndProject
Project("{2150E333-8FDC-42A3-9474-1A3956D46DE8}") = "3.Domain", "3.Domain", "{EAB211FB-BB6C-4C46-B018-A3CD62F7B5E7}"
EndProject
Project("{2150E333-8FDC-42A3-9474-1A3956D46DE8}") = "4.Infrastructure", "4.Infrastructure", "{B5143796-9F59-46EB-B97C-925914A9A26E}"
EndProject
Project("{FAE04EC0-301F-11D3-BF4B-00C04F79EFBC}") = "HGPolloLovers.Infrastructure.Impl", "HGPolloLovers.Infrastructure.Impl\HGPolloLovers.Infrastructure.Impl.csproj", "{C11B7FD9-5EB0-4447-9C12-24AA3858C6E5}"
EndProject
Project("{FAE04EC0-301F-11D3-BF4B-00C04F79EFBC}") = "HGPolloLovers.Repository.Contrats", "HGPolloLovers.Infrastructure.Contrat\HGPolloLovers.Repository.Contrats.csproj", "{3145EA7D-426C-480C-9B5D-274C977DB3F4}"
EndProject
Project("{FAE04EC0-301F-11D3-BF4B-00C04F79EFBC}") = "HGPolloLovers.Domain.Impl", "HGPolloLovers.Domain.Impl\HGPolloLovers.Domain.Impl.csproj", "{CFC350B9-27B3-48DD-94B3-05328FF8EE36}"
EndProject
Project("{FAE04EC0-301F-11D3-BF4B-00C04F79EFBC}") = "HGPolloLovers.Domain.Contracts", "HGPolloLovers.Domain.Contracts\HGPolloLovers.Domain.Contracts.csproj", "{2BB75753-8807-4DA5-8BEF-E46FAC843B52}"
EndProject
Project("{FAE04EC0-301F-11D3-BF4B-00C04F79EFBC}") = "HGPolloLovers.Infrastructure.Utils", "HGPolloLovers.Infrastructure.Utils\HGPolloLovers.Infrastructure.Utils.csproj", "{E999A6DA-C701-4CF3-99F1-7836DB896ABF}"
EndProject
Project("{2150E333-8FDC-42A3-9474-1A3956D46DE8}") = "5.Test", "5.Test", "{A467BC71-732D-4D92-A604-C269140706B8}"
EndProject
Project("{FAE04EC0-301F-11D3-BF4B-00C04F79EFBC}") = "HGPolloLovers.UnitTest", "HGPolloLovers.UnitTest\HGPolloLovers.UnitTest.csproj", "{7A1E0ADD-42C6-4A45-81DE-8837304178DB}"
EndProject
Global
	GlobalSection(SolutionConfigurationPlatforms) = preSolution
		Debug|Any CPU = Debug|Any CPU
		Release|Any CPU = Release|Any CPU
	EndGlobalSection
	GlobalSection(ProjectConfigurationPlatforms) = postSolution
		{3690D538-5D30-424F-96D4-0751B3D22A9A}.Debug|Any CPU.ActiveCfg = Debug|Any CPU
		{3690D538-5D30-424F-96D4-0751B3D22A9A}.Debug|Any CPU.Build.0 = Debug|Any CPU
		{3690D538-5D30-424F-96D4-0751B3D22A9A}.Release|Any CPU.ActiveCfg = Release|Any CPU
		{3690D538-5D30-424F-96D4-0751B3D22A9A}.Release|Any CPU.Build.0 = Release|Any CPU
		{34C966DB-FEC5-4187-A168-ADB515DA3587}.Debug|Any CPU.ActiveCfg = Debug|Any CPU
		{34C966DB-FEC5-4187-A168-ADB515DA3587}.Debug|Any CPU.Build.0 = Debug|Any CPU
		{34C966DB-FEC5-4187-A168-ADB515DA3587}.Release|Any CPU.ActiveCfg = Release|Any CPU
		{34C966DB-FEC5-4187-A168-ADB515DA3587}.Release|Any CPU.Build.0 = Release|Any CPU
		{96AB13C7-A6C1-4AD7-97FE-58909F8843E0}.Debug|Any CPU.ActiveCfg = Debug|Any CPU
		{96AB13C7-A6C1-4AD7-97FE-58909F8843E0}.Debug|Any CPU.Build.0 = Debug|Any CPU
		{96AB13C7-A6C1-4AD7-97FE-58909F8843E0}.Release|Any CPU.ActiveCfg = Release|Any CPU
		{96AB13C7-A6C1-4AD7-97FE-58909F8843E0}.Release|Any CPU.Build.0 = Release|Any CPU
		{C11B7FD9-5EB0-4447-9C12-24AA3858C6E5}.Debug|Any CPU.ActiveCfg = Debug|Any CPU
		{C11B7FD9-5EB0-4447-9C12-24AA3858C6E5}.Debug|Any CPU.Build.0 = Debug|Any CPU
		{C11B7FD9-5EB0-4447-9C12-24AA3858C6E5}.Release|Any CPU.ActiveCfg = Release|Any CPU
		{C11B7FD9-5EB0-4447-9C12-24AA3858C6E5}.Release|Any CPU.Build.0 = Release|Any CPU
		{3145EA7D-426C-480C-9B5D-274C977DB3F4}.Debug|Any CPU.ActiveCfg = Debug|Any CPU
		{3145EA7D-426C-480C-9B5D-274C977DB3F4}.Debug|Any CPU.Build.0 = Debug|Any CPU
		{3145EA7D-426C-480C-9B5D-274C977DB3F4}.Release|Any CPU.ActiveCfg = Release|Any CPU
		{3145EA7D-426C-480C-9B5D-274C977DB3F4}.Release|Any CPU.Build.0 = Release|Any CPU
		{CFC350B9-27B3-48DD-94B3-05328FF8EE36}.Debug|Any CPU.ActiveCfg = Debug|Any CPU
		{CFC350B9-27B3-48DD-94B3-05328FF8EE36}.Debug|Any CPU.Build.0 = Debug|Any CPU
		{CFC350B9-27B3-48DD-94B3-05328FF8EE36}.Release|Any CPU.ActiveCfg = Release|Any CPU
		{CFC350B9-27B3-48DD-94B3-05328FF8EE36}.Release|Any CPU.Build.0 = Release|Any CPU
		{2BB75753-8807-4DA5-8BEF-E46FAC843B52}.Debug|Any CPU.ActiveCfg = Debug|Any CPU
		{2BB75753-8807-4DA5-8BEF-E46FAC843B52}.Debug|Any CPU.Build.0 = Debug|Any CPU
		{2BB75753-8807-4DA5-8BEF-E46FAC843B52}.Release|Any CPU.ActiveCfg = Release|Any CPU
		{2BB75753-8807-4DA5-8BEF-E46FAC843B52}.Release|Any CPU.Build.0 = Release|Any CPU
		{E999A6DA-C701-4CF3-99F1-7836DB896ABF}.Debug|Any CPU.ActiveCfg = Debug|Any CPU
		{E999A6DA-C701-4CF3-99F1-7836DB896ABF}.Debug|Any CPU.Build.0 = Debug|Any CPU
		{E999A6DA-C701-4CF3-99F1-7836DB896ABF}.Release|Any CPU.ActiveCfg = Release|Any CPU
		{E999A6DA-C701-4CF3-99F1-7836DB896ABF}.Release|Any CPU.Build.0 = Release|Any CPU
		{7A1E0ADD-42C6-4A45-81DE-8837304178DB}.Debug|Any CPU.ActiveCfg = Debug|Any CPU
		{7A1E0ADD-42C6-4A45-81DE-8837304178DB}.Debug|Any CPU.Build.0 = Debug|Any CPU
		{7A1E0ADD-42C6-4A45-81DE-8837304178DB}.Release|Any CPU.ActiveCfg = Release|Any CPU
		{7A1E0ADD-42C6-4A45-81DE-8837304178DB}.Release|Any CPU.Build.0 = Release|Any CPU
	EndGlobalSection
	GlobalSection(SolutionProperties) = preSolution
		HideSolutionNode = FALSE
	EndGlobalSection
	GlobalSection(NestedProjects) = preSolution
		{3690D538-5D30-424F-96D4-0751B3D22A9A} = {D86E3F32-2C99-46A4-9818-2805BDD7B66D}
		{34C966DB-FEC5-4187-A168-ADB515DA3587} = {DC277E16-4430-4420-9D50-7ABC1870BF62}
		{96AB13C7-A6C1-4AD7-97FE-58909F8843E0} = {DC277E16-4430-4420-9D50-7ABC1870BF62}
		{C11B7FD9-5EB0-4447-9C12-24AA3858C6E5} = {B5143796-9F59-46EB-B97C-925914A9A26E}
		{3145EA7D-426C-480C-9B5D-274C977DB3F4} = {EAB211FB-BB6C-4C46-B018-A3CD62F7B5E7}
		{CFC350B9-27B3-48DD-94B3-05328FF8EE36} = {EAB211FB-BB6C-4C46-B018-A3CD62F7B5E7}
		{2BB75753-8807-4DA5-8BEF-E46FAC843B52} = {EAB211FB-BB6C-4C46-B018-A3CD62F7B5E7}
		{E999A6DA-C701-4CF3-99F1-7836DB896ABF} = {B5143796-9F59-46EB-B97C-925914A9A26E}
		{7A1E0ADD-42C6-4A45-81DE-8837304178DB} = {A467BC71-732D-4D92-A604-C269140706B8}
	EndGlobalSection
	GlobalSection(ExtensibilityGlobals) = postSolution
		SolutionGuid = {EE327167-C7DB-47A1-AD88-99FAB3AB4F98}
	EndGlobalSection
EndGlobal
